
Microsoft Visual Studio Solution File, Format Version 12.00
# Visual Studio 15
VisualStudioVersion = 15.0.26730.12
MinimumVisualStudioVersion = 10.0.40219.1
Project("{FAE04EC0-301F-11D3-BF4B-00C04F79EFBC}") = "translator", "translator\translator.csproj", "{23B0F0C0-57E3-4EBD-889B-563A934EBECB}"
EndProject
Global
	GlobalSection(SolutionConfigurationPlatforms) = preSolution
		Debug|Any CPU = Debug|Any CPU
		Release|Any CPU = Release|Any CPU
	EndGlobalSection
	GlobalSection(ProjectConfigurationPlatforms) = postSolution
		{23B0F0C0-57E3-4EBD-889B-563A934EBECB}.Debug|Any CPU.ActiveCfg = Debug|Any CPU
		{23B0F0C0-57E3-4EBD-889B-563A934EBECB}.Debug|Any CPU.Build.0 = Debug|Any CPU
		{23B0F0C0-57E3-4EBD-889B-563A934EBECB}.Release|Any CPU.ActiveCfg = Release|Any CPU
		{23B0F0C0-57E3-4EBD-889B-563A934EBECB}.Release|Any CPU.Build.0 = Release|Any CPU
	EndGlobalSection
	GlobalSection(SolutionProperties) = preSolution
		HideSolutionNode = FALSE
	EndGlobalSection
	GlobalSection(ExtensibilityGlobals) = postSolution
		SolutionGuid = {0115D386-54CB-4563-A43F-26814986E161}
	EndGlobalSection
EndGlobal
